
Microsoft Visual Studio Solution File, Format Version 12.00
# Visual Studio Version 16
VisualStudioVersion = 16.0.31702.278
MinimumVisualStudioVersion = 10.0.40219.1
Project("{FAE04EC0-301F-11D3-BF4B-00C04F79EFBC}") = "lesson19", "lesson19\lesson19.csproj", "{5F3FBE75-DF42-4599-A70E-38E7EFC274BD}"
EndProject
Global
	GlobalSection(SolutionConfigurationPlatforms) = preSolution
		Debug|Any CPU = Debug|Any CPU
		Release|Any CPU = Release|Any CPU
	EndGlobalSection
	GlobalSection(ProjectConfigurationPlatforms) = postSolution
		{5F3FBE75-DF42-4599-A70E-38E7EFC274BD}.Debug|Any CPU.ActiveCfg = Debug|Any CPU
		{5F3FBE75-DF42-4599-A70E-38E7EFC274BD}.Debug|Any CPU.Build.0 = Debug|Any CPU
		{5F3FBE75-DF42-4599-A70E-38E7EFC274BD}.Release|Any CPU.ActiveCfg = Release|Any CPU
		{5F3FBE75-DF42-4599-A70E-38E7EFC274BD}.Release|Any CPU.Build.0 = Release|Any CPU
	EndGlobalSection
	GlobalSection(SolutionProperties) = preSolution
		HideSolutionNode = FALSE
	EndGlobalSection
	GlobalSection(ExtensibilityGlobals) = postSolution
		SolutionGuid = {38B25903-EB62-4CB5-86BD-EC8B4F3C4405}
	EndGlobalSection
EndGlobal
